// !$*UTF8*$!
{
	archiveVersion = 1;
	classes = {
	};
	objectVersion = 46;
	objects = {

/* Begin PBXBuildFile section */
		092B982A1E10A626008B8B7C /* UICKeyChainStore.m in Sources */ = {isa = PBXBuildFile; fileRef = 092B98291E10A626008B8B7C /* UICKeyChainStore.m */; };
		092BB8F81E10EBBD008B8B7C /* YLAssitManager.m in Sources */ = {isa = PBXBuildFile; fileRef = 092BB8EB1E10EBBD008B8B7C /* YLAssitManager.m */; };
		092BB8F91E10EBBD008B8B7C /* YLExplorerToolBar.m in Sources */ = {isa = PBXBuildFile; fileRef = 092BB8ED1E10EBBD008B8B7C /* YLExplorerToolBar.m */; };
		092BB8FA1E10EBBD008B8B7C /* YLExplorerViewController.m in Sources */ = {isa = PBXBuildFile; fileRef = 092BB8EF1E10EBBD008B8B7C /* YLExplorerViewController.m */; };
		092BB8FB1E10EBBD008B8B7C /* YLGlobalViewController.m in Sources */ = {isa = PBXBuildFile; fileRef = 092BB8F11E10EBBD008B8B7C /* YLGlobalViewController.m */; };
		092BB8FC1E10EBBD008B8B7C /* YLWindow.m in Sources */ = {isa = PBXBuildFile; fileRef = 092BB8F31E10EBBD008B8B7C /* YLWindow.m */; };
		092BB8FD1E10EBBD008B8B7C /* YLLocationManager.m in Sources */ = {isa = PBXBuildFile; fileRef = 092BB8F51E10EBBD008B8B7C /* YLLocationManager.m */; };
		092BB8FE1E10EBBD008B8B7C /* YLLocationCaluate.m in Sources */ = {isa = PBXBuildFile; fileRef = 092BB8F71E10EBBD008B8B7C /* YLLocationCaluate.m */; };
		092BB9051E10EBE0008B8B7C /* YLCoordinatesViewController.m in Sources */ = {isa = PBXBuildFile; fileRef = 092BB9001E10EBE0008B8B7C /* YLCoordinatesViewController.m */; };
		092BB9061E10EBE0008B8B7C /* YLMapViewController.m in Sources */ = {isa = PBXBuildFile; fileRef = 092BB9021E10EBE0008B8B7C /* YLMapViewController.m */; };
		092BB9071E10EBE0008B8B7C /* YLMyAnotation.m in Sources */ = {isa = PBXBuildFile; fileRef = 092BB9041E10EBE0008B8B7C /* YLMyAnotation.m */; };
		092BB90C1E10EBFA008B8B7C /* YLCellModel.m in Sources */ = {isa = PBXBuildFile; fileRef = 092BB9091E10EBFA008B8B7C /* YLCellModel.m */; };
		092BB90D1E10EBFA008B8B7C /* YLTextFeildTableViewCell.m in Sources */ = {isa = PBXBuildFile; fileRef = 092BB90B1E10EBFA008B8B7C /* YLTextFeildTableViewCell.m */; };
		092BB9111E10EC08008B8B7C /* UIView+Helpers.m in Sources */ = {isa = PBXBuildFile; fileRef = 092BB90F1E10EC08008B8B7C /* UIView+Helpers.m */; };
		092BB9141E10EC42008B8B7C /* WeChatEnvelopConfig.m in Sources */ = {isa = PBXBuildFile; fileRef = 092BB9131E10EC42008B8B7C /* WeChatEnvelopConfig.m */; };
		0934E08D1D6BF110000B9D1D /* Aspects.m in Sources */ = {isa = PBXBuildFile; fileRef = 0934E08B1D6BF110000B9D1D /* Aspects.m */; };
		09CCF6501D6708A300BEF18D /* YLHongBaoViewController.m in Sources */ = {isa = PBXBuildFile; fileRef = 09CCF6441D6708A300BEF18D /* YLHongBaoViewController.m */; };
		09CCF6511D6708A300BEF18D /* YLSwitchTableViewCell.m in Sources */ = {isa = PBXBuildFile; fileRef = 09CCF6461D6708A300BEF18D /* YLSwitchTableViewCell.m */; };
		09CCF6521D6708A300BEF18D /* YLUtility.m in Sources */ = {isa = PBXBuildFile; fileRef = 09CCF6481D6708A300BEF18D /* YLUtility.m */; };
/* End PBXBuildFile section */

/* Begin PBXCopyFilesBuildPhase section */
		098DA9A31D658511008608A7 /* CopyFiles */ = {
			isa = PBXCopyFilesBuildPhase;
			buildActionMask = 2147483647;
			dstPath = "include/$(PRODUCT_NAME)";
			dstSubfolderSpec = 16;
			files = (
			);
			runOnlyForDeploymentPostprocessing = 0;
		};
/* End PBXCopyFilesBuildPhase section */

/* Begin PBXFileReference section */
		092B98281E10A626008B8B7C /* UICKeyChainStore.h */ = {isa = PBXFileReference; fileEncoding = 4; lastKnownFileType = sourcecode.c.h; path = UICKeyChainStore.h; sourceTree = "<group>"; };
		092B98291E10A626008B8B7C /* UICKeyChainStore.m */ = {isa = PBXFileReference; fileEncoding = 4; lastKnownFileType = sourcecode.c.objc; path = UICKeyChainStore.m; sourceTree = "<group>"; };
		092BB8EA1E10EBBD008B8B7C /* YLAssitManager.h */ = {isa = PBXFileReference; fileEncoding = 4; lastKnownFileType = sourcecode.c.h; path = YLAssitManager.h; sourceTree = "<group>"; };
		092BB8EB1E10EBBD008B8B7C /* YLAssitManager.m */ = {isa = PBXFileReference; fileEncoding = 4; lastKnownFileType = sourcecode.c.objc; path = YLAssitManager.m; sourceTree = "<group>"; };
		092BB8EC1E10EBBD008B8B7C /* YLExplorerToolBar.h */ = {isa = PBXFileReference; fileEncoding = 4; lastKnownFileType = sourcecode.c.h; path = YLExplorerToolBar.h; sourceTree = "<group>"; };
		092BB8ED1E10EBBD008B8B7C /* YLExplorerToolBar.m */ = {isa = PBXFileReference; fileEncoding = 4; lastKnownFileType = sourcecode.c.objc; path = YLExplorerToolBar.m; sourceTree = "<group>"; };
		092BB8EE1E10EBBD008B8B7C /* YLExplorerViewController.h */ = {isa = PBXFileReference; fileEncoding = 4; lastKnownFileType = sourcecode.c.h; path = YLExplorerViewController.h; sourceTree = "<group>"; };
		092BB8EF1E10EBBD008B8B7C /* YLExplorerViewController.m */ = {isa = PBXFileReference; fileEncoding = 4; lastKnownFileType = sourcecode.c.objc; path = YLExplorerViewController.m; sourceTree = "<group>"; };
		092BB8F01E10EBBD008B8B7C /* YLGlobalViewController.h */ = {isa = PBXFileReference; fileEncoding = 4; lastKnownFileType = sourcecode.c.h; path = YLGlobalViewController.h; sourceTree = "<group>"; };
		092BB8F11E10EBBD008B8B7C /* YLGlobalViewController.m */ = {isa = PBXFileReference; fileEncoding = 4; lastKnownFileType = sourcecode.c.objc; path = YLGlobalViewController.m; sourceTree = "<group>"; };
		092BB8F21E10EBBD008B8B7C /* YLWindow.h */ = {isa = PBXFileReference; fileEncoding = 4; lastKnownFileType = sourcecode.c.h; path = YLWindow.h; sourceTree = "<group>"; };
		092BB8F31E10EBBD008B8B7C /* YLWindow.m */ = {isa = PBXFileReference; fileEncoding = 4; lastKnownFileType = sourcecode.c.objc; path = YLWindow.m; sourceTree = "<group>"; };
		092BB8F41E10EBBD008B8B7C /* YLLocationManager.h */ = {isa = PBXFileReference; fileEncoding = 4; lastKnownFileType = sourcecode.c.h; path = YLLocationManager.h; sourceTree = "<group>"; };
		092BB8F51E10EBBD008B8B7C /* YLLocationManager.m */ = {isa = PBXFileReference; fileEncoding = 4; lastKnownFileType = sourcecode.c.objc; path = YLLocationManager.m; sourceTree = "<group>"; };
		092BB8F61E10EBBD008B8B7C /* YLLocationCaluate.h */ = {isa = PBXFileReference; fileEncoding = 4; lastKnownFileType = sourcecode.c.h; path = YLLocationCaluate.h; sourceTree = "<group>"; };
		092BB8F71E10EBBD008B8B7C /* YLLocationCaluate.m */ = {isa = PBXFileReference; fileEncoding = 4; lastKnownFileType = sourcecode.c.objc; path = YLLocationCaluate.m; sourceTree = "<group>"; };
		092BB8FF1E10EBE0008B8B7C /* YLCoordinatesViewController.h */ = {isa = PBXFileReference; fileEncoding = 4; lastKnownFileType = sourcecode.c.h; path = YLCoordinatesViewController.h; sourceTree = "<group>"; };
		092BB9001E10EBE0008B8B7C /* YLCoordinatesViewController.m */ = {isa = PBXFileReference; fileEncoding = 4; lastKnownFileType = sourcecode.c.objc; path = YLCoordinatesViewController.m; sourceTree = "<group>"; };
		092BB9011E10EBE0008B8B7C /* YLMapViewController.h */ = {isa = PBXFileReference; fileEncoding = 4; lastKnownFileType = sourcecode.c.h; path = YLMapViewController.h; sourceTree = "<group>"; };
		092BB9021E10EBE0008B8B7C /* YLMapViewController.m */ = {isa = PBXFileReference; fileEncoding = 4; lastKnownFileType = sourcecode.c.objc; path = YLMapViewController.m; sourceTree = "<group>"; };
		092BB9031E10EBE0008B8B7C /* YLMyAnotation.h */ = {isa = PBXFileReference; fileEncoding = 4; lastKnownFileType = sourcecode.c.h; path = YLMyAnotation.h; sourceTree = "<group>"; };
		092BB9041E10EBE0008B8B7C /* YLMyAnotation.m */ = {isa = PBXFileReference; fileEncoding = 4; lastKnownFileType = sourcecode.c.objc; path = YLMyAnotation.m; sourceTree = "<group>"; };
		092BB9081E10EBFA008B8B7C /* YLCellModel.h */ = {isa = PBXFileReference; fileEncoding = 4; lastKnownFileType = sourcecode.c.h; path = YLCellModel.h; sourceTree = "<group>"; };
		092BB9091E10EBFA008B8B7C /* YLCellModel.m */ = {isa = PBXFileReference; fileEncoding = 4; lastKnownFileType = sourcecode.c.objc; path = YLCellModel.m; sourceTree = "<group>"; };
		092BB90A1E10EBFA008B8B7C /* YLTextFeildTableViewCell.h */ = {isa = PBXFileReference; fileEncoding = 4; lastKnownFileType = sourcecode.c.h; path = YLTextFeildTableViewCell.h; sourceTree = "<group>"; };
		092BB90B1E10EBFA008B8B7C /* YLTextFeildTableViewCell.m */ = {isa = PBXFileReference; fileEncoding = 4; lastKnownFileType = sourcecode.c.objc; path = YLTextFeildTableViewCell.m; sourceTree = "<group>"; };
		092BB90E1E10EC08008B8B7C /* UIView+Helpers.h */ = {isa = PBXFileReference; fileEncoding = 4; lastKnownFileType = sourcecode.c.h; path = "UIView+Helpers.h"; sourceTree = "<group>"; };
		092BB90F1E10EC08008B8B7C /* UIView+Helpers.m */ = {isa = PBXFileReference; fileEncoding = 4; lastKnownFileType = sourcecode.c.objc; path = "UIView+Helpers.m"; sourceTree = "<group>"; };
		092BB9101E10EC08008B8B7C /* gloabalConfig.json */ = {isa = PBXFileReference; fileEncoding = 4; lastKnownFileType = text.json; path = gloabalConfig.json; sourceTree = "<group>"; };
		092BB9121E10EC42008B8B7C /* WeChatEnvelopConfig.h */ = {isa = PBXFileReference; fileEncoding = 4; lastKnownFileType = sourcecode.c.h; path = WeChatEnvelopConfig.h; sourceTree = "<group>"; };
		092BB9131E10EC42008B8B7C /* WeChatEnvelopConfig.m */ = {isa = PBXFileReference; fileEncoding = 4; lastKnownFileType = sourcecode.c.objc; path = WeChatEnvelopConfig.m; sourceTree = "<group>"; };
		0934E08A1D6BF110000B9D1D /* Aspects.h */ = {isa = PBXFileReference; fileEncoding = 4; lastKnownFileType = sourcecode.c.h; path = Aspects.h; sourceTree = "<group>"; };
		0934E08B1D6BF110000B9D1D /* Aspects.m */ = {isa = PBXFileReference; fileEncoding = 4; lastKnownFileType = sourcecode.c.objc; path = Aspects.m; sourceTree = "<group>"; };
		0934E08C1D6BF110000B9D1D /* WeChatRedEnvelop.h */ = {isa = PBXFileReference; fileEncoding = 4; lastKnownFileType = sourcecode.c.h; path = WeChatRedEnvelop.h; sourceTree = "<group>"; };
		098DA9A51D658511008608A7 /* libTestTweak.a */ = {isa = PBXFileReference; explicitFileType = archive.ar; includeInIndex = 0; path = libTestTweak.a; sourceTree = BUILT_PRODUCTS_DIR; };
		09CCF6431D6708A300BEF18D /* YLHongBaoViewController.h */ = {isa = PBXFileReference; fileEncoding = 4; lastKnownFileType = sourcecode.c.h; path = YLHongBaoViewController.h; sourceTree = "<group>"; };
		09CCF6441D6708A300BEF18D /* YLHongBaoViewController.m */ = {isa = PBXFileReference; fileEncoding = 4; lastKnownFileType = sourcecode.c.objc; path = YLHongBaoViewController.m; sourceTree = "<group>"; };
		09CCF6451D6708A300BEF18D /* YLSwitchTableViewCell.h */ = {isa = PBXFileReference; fileEncoding = 4; lastKnownFileType = sourcecode.c.h; path = YLSwitchTableViewCell.h; sourceTree = "<group>"; };
		09CCF6461D6708A300BEF18D /* YLSwitchTableViewCell.m */ = {isa = PBXFileReference; fileEncoding = 4; lastKnownFileType = sourcecode.c.objc; path = YLSwitchTableViewCell.m; sourceTree = "<group>"; };
		09CCF6471D6708A300BEF18D /* YLUtility.h */ = {isa = PBXFileReference; fileEncoding = 4; lastKnownFileType = sourcecode.c.h; path = YLUtility.h; sourceTree = "<group>"; };
		09CCF6481D6708A300BEF18D /* YLUtility.m */ = {isa = PBXFileReference; fileEncoding = 4; lastKnownFileType = sourcecode.c.objc; path = YLUtility.m; sourceTree = "<group>"; };
/* End PBXFileReference section */

/* Begin PBXFrameworksBuildPhase section */
		098DA9A21D658511008608A7 /* Frameworks */ = {
			isa = PBXFrameworksBuildPhase;
			buildActionMask = 2147483647;
			files = (
			);
			runOnlyForDeploymentPostprocessing = 0;
		};
/* End PBXFrameworksBuildPhase section */

/* Begin PBXGroup section */
		092B98221E10A5D0008B8B7C /* common */ = {
			isa = PBXGroup;
			children = (
				092BB8EA1E10EBBD008B8B7C /* YLAssitManager.h */,
				092BB8EB1E10EBBD008B8B7C /* YLAssitManager.m */,
				092BB8EC1E10EBBD008B8B7C /* YLExplorerToolBar.h */,
				092BB8ED1E10EBBD008B8B7C /* YLExplorerToolBar.m */,
				092BB8EE1E10EBBD008B8B7C /* YLExplorerViewController.h */,
				092BB8EF1E10EBBD008B8B7C /* YLExplorerViewController.m */,
				092BB8F01E10EBBD008B8B7C /* YLGlobalViewController.h */,
				092BB8F11E10EBBD008B8B7C /* YLGlobalViewController.m */,
				092BB8F21E10EBBD008B8B7C /* YLWindow.h */,
				092BB8F31E10EBBD008B8B7C /* YLWindow.m */,
				092BB8F41E10EBBD008B8B7C /* YLLocationManager.h */,
				092BB8F51E10EBBD008B8B7C /* YLLocationManager.m */,
				092BB8F61E10EBBD008B8B7C /* YLLocationCaluate.h */,
				092BB8F71E10EBBD008B8B7C /* YLLocationCaluate.m */,
			);
			name = common;
			sourceTree = "<group>";
		};
		092B98231E10A5D8008B8B7C /* vendors */ = {
			isa = PBXGroup;
			children = (
				092B98271E10A60E008B8B7C /* keychian操作 */,
				092B98261E10A5FC008B8B7C /* aspects */,
			);
			name = vendors;
			sourceTree = "<group>";
		};
		092B98241E10A5E1008B8B7C /* 红包 */ = {
			isa = PBXGroup;
			children = (
				092BB9121E10EC42008B8B7C /* WeChatEnvelopConfig.h */,
				092BB9131E10EC42008B8B7C /* WeChatEnvelopConfig.m */,
				09CCF6431D6708A300BEF18D /* YLHongBaoViewController.h */,
				09CCF6441D6708A300BEF18D /* YLHongBaoViewController.m */,
				0934E08C1D6BF110000B9D1D /* WeChatRedEnvelop.h */,
			);
			name = "红包";
			sourceTree = "<group>";
		};
		092B98251E10A5E8008B8B7C /* cell */ = {
			isa = PBXGroup;
			children = (
				092BB9081E10EBFA008B8B7C /* YLCellModel.h */,
				092BB9091E10EBFA008B8B7C /* YLCellModel.m */,
				092BB90A1E10EBFA008B8B7C /* YLTextFeildTableViewCell.h */,
				092BB90B1E10EBFA008B8B7C /* YLTextFeildTableViewCell.m */,
				09CCF6451D6708A300BEF18D /* YLSwitchTableViewCell.h */,
				09CCF6461D6708A300BEF18D /* YLSwitchTableViewCell.m */,
			);
			name = cell;
			sourceTree = "<group>";
		};
		092B98261E10A5FC008B8B7C /* aspects */ = {
			isa = PBXGroup;
			children = (
				0934E08A1D6BF110000B9D1D /* Aspects.h */,
				0934E08B1D6BF110000B9D1D /* Aspects.m */,
			);
			name = aspects;
			sourceTree = "<group>";
		};
		092B98271E10A60E008B8B7C /* keychian操作 */ = {
			isa = PBXGroup;
			children = (
				092B98281E10A626008B8B7C /* UICKeyChainStore.h */,
				092B98291E10A626008B8B7C /* UICKeyChainStore.m */,
			);
			name = "keychian操作";
			sourceTree = "<group>";
		};
		092B982B1E10B03D008B8B7C /* 经纬度 */ = {
			isa = PBXGroup;
			children = (
				092BB8FF1E10EBE0008B8B7C /* YLCoordinatesViewController.h */,
				092BB9001E10EBE0008B8B7C /* YLCoordinatesViewController.m */,
				092BB9011E10EBE0008B8B7C /* YLMapViewController.h */,
				092BB9021E10EBE0008B8B7C /* YLMapViewController.m */,
				092BB9031E10EBE0008B8B7C /* YLMyAnotation.h */,
				092BB9041E10EBE0008B8B7C /* YLMyAnotation.m */,
			);
			name = "经纬度";
			sourceTree = "<group>";
		};
		098DA99C1D658511008608A7 = {
			isa = PBXGroup;
			children = (
				098DA9A71D658511008608A7 /* TestTweak */,
				098DA9A61D658511008608A7 /* Products */,
			);
			sourceTree = "<group>";
		};
		098DA9A61D658511008608A7 /* Products */ = {
			isa = PBXGroup;
			children = (
				098DA9A51D658511008608A7 /* libTestTweak.a */,
			);
			name = Products;
			sourceTree = "<group>";
		};
		098DA9A71D658511008608A7 /* TestTweak */ = {
			isa = PBXGroup;
			children = (
				09CCF6381D6708A300BEF18D /* WeChatAssistant */,
			);
			path = TestTweak;
			sourceTree = "<group>";
		};
		09CCF6381D6708A300BEF18D /* WeChatAssistant */ = {
			isa = PBXGroup;
			children = (
				092B98221E10A5D0008B8B7C /* common */,
				092B98241E10A5E1008B8B7C /* 红包 */,
				092B982B1E10B03D008B8B7C /* 经纬度 */,
				092B98251E10A5E8008B8B7C /* cell */,
				092B98231E10A5D8008B8B7C /* vendors */,
				09CCF6471D6708A300BEF18D /* YLUtility.h */,
				09CCF6481D6708A300BEF18D /* YLUtility.m */,
				092BB90E1E10EC08008B8B7C /* UIView+Helpers.h */,
				092BB90F1E10EC08008B8B7C /* UIView+Helpers.m */,
				092BB9101E10EC08008B8B7C /* gloabalConfig.json */,
			);
			path = WeChatAssistant;
			sourceTree = "<group>";
		};
/* End PBXGroup section */

/* Begin PBXNativeTarget section */
		098DA9A41D658511008608A7 /* TestTweak */ = {
			isa = PBXNativeTarget;
			buildConfigurationList = 098DA9AE1D658511008608A7 /* Build configuration list for PBXNativeTarget "TestTweak" */;
			buildPhases = (
				098DA9A11D658511008608A7 /* Sources */,
				098DA9A21D658511008608A7 /* Frameworks */,
				098DA9A31D658511008608A7 /* CopyFiles */,
			);
			buildRules = (
			);
			dependencies = (
			);
			name = TestTweak;
			productName = TestTweak;
			productReference = 098DA9A51D658511008608A7 /* libTestTweak.a */;
			productType = "com.apple.product-type.library.static";
		};
/* End PBXNativeTarget section */

/* Begin PBXProject section */
		098DA99D1D658511008608A7 /* Project object */ = {
			isa = PBXProject;
			attributes = {
				LastUpgradeCheck = 0730;
				ORGANIZATIONNAME = yohunl;
				TargetAttributes = {
					098DA9A41D658511008608A7 = {
						CreatedOnToolsVersion = 7.3.1;
					};
				};
			};
			buildConfigurationList = 098DA9A01D658511008608A7 /* Build configuration list for PBXProject "TestTweak" */;
			compatibilityVersion = "Xcode 3.2";
			developmentRegion = English;
			hasScannedForEncodings = 0;
			knownRegions = (
				en,
			);
			mainGroup = 098DA99C1D658511008608A7;
			productRefGroup = 098DA9A61D658511008608A7 /* Products */;
			projectDirPath = "";
			projectRoot = "";
			targets = (
				098DA9A41D658511008608A7 /* TestTweak */,
			);
		};
/* End PBXProject section */

/* Begin PBXSourcesBuildPhase section */
		098DA9A11D658511008608A7 /* Sources */ = {
			isa = PBXSourcesBuildPhase;
			buildActionMask = 2147483647;
			files = (
				092BB9061E10EBE0008B8B7C /* YLMapViewController.m in Sources */,
				092BB9141E10EC42008B8B7C /* WeChatEnvelopConfig.m in Sources */,
				09CCF6521D6708A300BEF18D /* YLUtility.m in Sources */,
				092BB8F91E10EBBD008B8B7C /* YLExplorerToolBar.m in Sources */,
				092BB8FA1E10EBBD008B8B7C /* YLExplorerViewController.m in Sources */,
				09CCF6501D6708A300BEF18D /* YLHongBaoViewController.m in Sources */,
				092B982A1E10A626008B8B7C /* UICKeyChainStore.m in Sources */,
				092BB9111E10EC08008B8B7C /* UIView+Helpers.m in Sources */,
				092BB8F81E10EBBD008B8B7C /* YLAssitManager.m in Sources */,
				092BB9071E10EBE0008B8B7C /* YLMyAnotation.m in Sources */,
				092BB8FC1E10EBBD008B8B7C /* YLWindow.m in Sources */,
				092BB8FE1E10EBBD008B8B7C /* YLLocationCaluate.m in Sources */,
				09CCF6511D6708A300BEF18D /* YLSwitchTableViewCell.m in Sources */,
				092BB8FD1E10EBBD008B8B7C /* YLLocationManager.m in Sources */,
				092BB90D1E10EBFA008B8B7C /* YLTextFeildTableViewCell.m in Sources */,
				092BB8FB1E10EBBD008B8B7C /* YLGlobalViewController.m in Sources */,
				092BB9051E10EBE0008B8B7C /* YLCoordinatesViewController.m in Sources */,
				092BB90C1E10EBFA008B8B7C /* YLCellModel.m in Sources */,
				0934E08D1D6BF110000B9D1D /* Aspects.m in Sources */,
			);
			runOnlyForDeploymentPostprocessing = 0;
		};
/* End PBXSourcesBuildPhase section */

/* Begin XCBuildConfiguration section */
		098DA9AC1D658511008608A7 /* Debug */ = {
			isa = XCBuildConfiguration;
			buildSettings = {
				ALWAYS_SEARCH_USER_PATHS = NO;
				CLANG_ANALYZER_NONNULL = YES;
				CLANG_CXX_LANGUAGE_STANDARD = "gnu++0x";
				CLANG_CXX_LIBRARY = "libc++";
				CLANG_ENABLE_MODULES = YES;
				CLANG_ENABLE_OBJC_ARC = YES;
				CLANG_WARN_BOOL_CONVERSION = YES;
				CLANG_WARN_CONSTANT_CONVERSION = YES;
				CLANG_WARN_DIRECT_OBJC_ISA_USAGE = YES_ERROR;
				CLANG_WARN_EMPTY_BODY = YES;
				CLANG_WARN_ENUM_CONVERSION = YES;
				CLANG_WARN_INT_CONVERSION = YES;
				CLANG_WARN_OBJC_ROOT_CLASS = YES_ERROR;
				CLANG_WARN_UNREACHABLE_CODE = YES;
				CLANG_WARN__DUPLICATE_METHOD_MATCH = YES;
				"CODE_SIGN_IDENTITY[sdk=iphoneos*]" = "iPhone Developer";
				COPY_PHASE_STRIP = NO;
				DEBUG_INFORMATION_FORMAT = dwarf;
				ENABLE_STRICT_OBJC_MSGSEND = YES;
				ENABLE_TESTABILITY = YES;
				GCC_C_LANGUAGE_STANDARD = gnu99;
				GCC_DYNAMIC_NO_PIC = NO;
				GCC_NO_COMMON_BLOCKS = YES;
				GCC_OPTIMIZATION_LEVEL = 0;
				GCC_PREPROCESSOR_DEFINITIONS = (
					"DEBUG=1",
					"$(inherited)",
				);
				GCC_WARN_64_TO_32_BIT_CONVERSION = YES;
				GCC_WARN_ABOUT_RETURN_TYPE = YES_ERROR;
				GCC_WARN_UNDECLARED_SELECTOR = YES;
				GCC_WARN_UNINITIALIZED_AUTOS = YES_AGGRESSIVE;
				GCC_WARN_UNUSED_FUNCTION = YES;
				GCC_WARN_UNUSED_VARIABLE = YES;
				IPHONEOS_DEPLOYMENT_TARGET = 9.3;
				MTL_ENABLE_DEBUG_INFO = YES;
				ONLY_ACTIVE_ARCH = YES;
				SDKROOT = iphoneos;
			};
			name = Debug;
		};
		098DA9AD1D658511008608A7 /* Release */ = {
			isa = XCBuildConfiguration;
			buildSettings = {
				ALWAYS_SEARCH_USER_PATHS = NO;
				CLANG_ANALYZER_NONNULL = YES;
				CLANG_CXX_LANGUAGE_STANDARD = "gnu++0x";
				CLANG_CXX_LIBRARY = "libc++";
				CLANG_ENABLE_MODULES = YES;
				CLANG_ENABLE_OBJC_ARC = YES;
				CLANG_WARN_BOOL_CONVERSION = YES;
				CLANG_WARN_CONSTANT_CONVERSION = YES;
				CLANG_WARN_DIRECT_OBJC_ISA_USAGE = YES_ERROR;
				CLANG_WARN_EMPTY_BODY = YES;
				CLANG_WARN_ENUM_CONVERSION = YES;
				CLANG_WARN_INT_CONVERSION = YES;
				CLANG_WARN_OBJC_ROOT_CLASS = YES_ERROR;
				CLANG_WARN_UNREACHABLE_CODE = YES;
				CLANG_WARN__DUPLICATE_METHOD_MATCH = YES;
				"CODE_SIGN_IDENTITY[sdk=iphoneos*]" = "iPhone Developer";
				COPY_PHASE_STRIP = NO;
				DEBUG_INFORMATION_FORMAT = "dwarf-with-dsym";
				ENABLE_NS_ASSERTIONS = NO;
				ENABLE_STRICT_OBJC_MSGSEND = YES;
				GCC_C_LANGUAGE_STANDARD = gnu99;
				GCC_NO_COMMON_BLOCKS = YES;
				GCC_WARN_64_TO_32_BIT_CONVERSION = YES;
				GCC_WARN_ABOUT_RETURN_TYPE = YES_ERROR;
				GCC_WARN_UNDECLARED_SELECTOR = YES;
				GCC_WARN_UNINITIALIZED_AUTOS = YES_AGGRESSIVE;
				GCC_WARN_UNUSED_FUNCTION = YES;
				GCC_WARN_UNUSED_VARIABLE = YES;
				IPHONEOS_DEPLOYMENT_TARGET = 9.3;
				MTL_ENABLE_DEBUG_INFO = NO;
				SDKROOT = iphoneos;
				VALIDATE_PRODUCT = YES;
			};
			name = Release;
		};
		098DA9AF1D658511008608A7 /* Debug */ = {
			isa = XCBuildConfiguration;
			buildSettings = {
				OTHER_LDFLAGS = "-ObjC";
				PRODUCT_NAME = "$(TARGET_NAME)";
				SKIP_INSTALL = YES;
			};
			name = Debug;
		};
		098DA9B01D658511008608A7 /* Release */ = {
			isa = XCBuildConfiguration;
			buildSettings = {
				OTHER_LDFLAGS = "-ObjC";
				PRODUCT_NAME = "$(TARGET_NAME)";
				SKIP_INSTALL = YES;
			};
			name = Release;
		};
/* End XCBuildConfiguration section */

/* Begin XCConfigurationList section */
		098DA9A01D658511008608A7 /* Build configuration list for PBXProject "TestTweak" */ = {
			isa = XCConfigurationList;
			buildConfigurations = (
				098DA9AC1D658511008608A7 /* Debug */,
				098DA9AD1D658511008608A7 /* Release */,
			);
			defaultConfigurationIsVisible = 0;
			defaultConfigurationName = Release;
		};
		098DA9AE1D658511008608A7 /* Build configuration list for PBXNativeTarget "TestTweak" */ = {
			isa = XCConfigurationList;
			buildConfigurations = (
				098DA9AF1D658511008608A7 /* Debug */,
				098DA9B01D658511008608A7 /* Release */,
			);
			defaultConfigurationIsVisible = 0;
			defaultConfigurationName = Release;
		};
/* End XCConfigurationList section */
	};
	rootObject = 098DA99D1D658511008608A7 /* Project object */;
}
