// !$*UTF8*$!
{
	archiveVersion = 1;
	classes = {
	};
	objectVersion = 46;
	objects = {

/* Begin PBXBuildFile section */
		0934E08D1D6BF110000B9D1D /* Aspects.m in Sources */ = {isa = PBXBuildFile; fileRef = 0934E08B1D6BF110000B9D1D /* Aspects.m */; };
		09CCF64B1D6708A300BEF18D /* YLAssitManager.m in Sources */ = {isa = PBXBuildFile; fileRef = 09CCF63A1D6708A300BEF18D /* YLAssitManager.m */; };
		09CCF64C1D6708A300BEF18D /* YLCoordinatesViewController.m in Sources */ = {isa = PBXBuildFile; fileRef = 09CCF63C1D6708A300BEF18D /* YLCoordinatesViewController.m */; };
		09CCF64D1D6708A300BEF18D /* YLExplorerToolBar.m in Sources */ = {isa = PBXBuildFile; fileRef = 09CCF63E1D6708A300BEF18D /* YLExplorerToolBar.m */; };
		09CCF64E1D6708A300BEF18D /* YLExplorerViewController.m in Sources */ = {isa = PBXBuildFile; fileRef = 09CCF6401D6708A300BEF18D /* YLExplorerViewController.m */; };
		09CCF64F1D6708A300BEF18D /* YLGlobalViewController.m in Sources */ = {isa = PBXBuildFile; fileRef = 09CCF6421D6708A300BEF18D /* YLGlobalViewController.m */; };
		09CCF6501D6708A300BEF18D /* YLHongBaoViewController.m in Sources */ = {isa = PBXBuildFile; fileRef = 09CCF6441D6708A300BEF18D /* YLHongBaoViewController.m */; };
		09CCF6511D6708A300BEF18D /* YLSwitchTableViewCell.m in Sources */ = {isa = PBXBuildFile; fileRef = 09CCF6461D6708A300BEF18D /* YLSwitchTableViewCell.m */; };
		09CCF6521D6708A300BEF18D /* YLUtility.m in Sources */ = {isa = PBXBuildFile; fileRef = 09CCF6481D6708A300BEF18D /* YLUtility.m */; };
		09CCF6531D6708A300BEF18D /* YLWindow.m in Sources */ = {isa = PBXBuildFile; fileRef = 09CCF64A1D6708A300BEF18D /* YLWindow.m */; };
/* End PBXBuildFile section */

/* Begin PBXCopyFilesBuildPhase section */
		098DA9A31D658511008608A7 /* CopyFiles */ = {
			isa = PBXCopyFilesBuildPhase;
			buildActionMask = 2147483647;
			dstPath = "include/$(PRODUCT_NAME)";
			dstSubfolderSpec = 16;
			files = (
			);
			runOnlyForDeploymentPostprocessing = 0;
		};
/* End PBXCopyFilesBuildPhase section */

/* Begin PBXFileReference section */
		0934E08A1D6BF110000B9D1D /* Aspects.h */ = {isa = PBXFileReference; fileEncoding = 4; lastKnownFileType = sourcecode.c.h; path = Aspects.h; sourceTree = "<group>"; };
		0934E08B1D6BF110000B9D1D /* Aspects.m */ = {isa = PBXFileReference; fileEncoding = 4; lastKnownFileType = sourcecode.c.objc; path = Aspects.m; sourceTree = "<group>"; };
		0934E08C1D6BF110000B9D1D /* WeChatRedEnvelop.h */ = {isa = PBXFileReference; fileEncoding = 4; lastKnownFileType = sourcecode.c.h; path = WeChatRedEnvelop.h; sourceTree = "<group>"; };
		098DA9A51D658511008608A7 /* libTestTweak.a */ = {isa = PBXFileReference; explicitFileType = archive.ar; includeInIndex = 0; path = libTestTweak.a; sourceTree = BUILT_PRODUCTS_DIR; };
		09CCF6391D6708A300BEF18D /* YLAssitManager.h */ = {isa = PBXFileReference; fileEncoding = 4; lastKnownFileType = sourcecode.c.h; path = YLAssitManager.h; sourceTree = "<group>"; };
		09CCF63A1D6708A300BEF18D /* YLAssitManager.m */ = {isa = PBXFileReference; fileEncoding = 4; lastKnownFileType = sourcecode.c.objc; path = YLAssitManager.m; sourceTree = "<group>"; };
		09CCF63B1D6708A300BEF18D /* YLCoordinatesViewController.h */ = {isa = PBXFileReference; fileEncoding = 4; lastKnownFileType = sourcecode.c.h; path = YLCoordinatesViewController.h; sourceTree = "<group>"; };
		09CCF63C1D6708A300BEF18D /* YLCoordinatesViewController.m */ = {isa = PBXFileReference; fileEncoding = 4; lastKnownFileType = sourcecode.c.objc; path = YLCoordinatesViewController.m; sourceTree = "<group>"; };
		09CCF63D1D6708A300BEF18D /* YLExplorerToolBar.h */ = {isa = PBXFileReference; fileEncoding = 4; lastKnownFileType = sourcecode.c.h; path = YLExplorerToolBar.h; sourceTree = "<group>"; };
		09CCF63E1D6708A300BEF18D /* YLExplorerToolBar.m */ = {isa = PBXFileReference; fileEncoding = 4; lastKnownFileType = sourcecode.c.objc; path = YLExplorerToolBar.m; sourceTree = "<group>"; };
		09CCF63F1D6708A300BEF18D /* YLExplorerViewController.h */ = {isa = PBXFileReference; fileEncoding = 4; lastKnownFileType = sourcecode.c.h; path = YLExplorerViewController.h; sourceTree = "<group>"; };
		09CCF6401D6708A300BEF18D /* YLExplorerViewController.m */ = {isa = PBXFileReference; fileEncoding = 4; lastKnownFileType = sourcecode.c.objc; path = YLExplorerViewController.m; sourceTree = "<group>"; };
		09CCF6411D6708A300BEF18D /* YLGlobalViewController.h */ = {isa = PBXFileReference; fileEncoding = 4; lastKnownFileType = sourcecode.c.h; path = YLGlobalViewController.h; sourceTree = "<group>"; };
		09CCF6421D6708A300BEF18D /* YLGlobalViewController.m */ = {isa = PBXFileReference; fileEncoding = 4; lastKnownFileType = sourcecode.c.objc; path = YLGlobalViewController.m; sourceTree = "<group>"; };
		09CCF6431D6708A300BEF18D /* YLHongBaoViewController.h */ = {isa = PBXFileReference; fileEncoding = 4; lastKnownFileType = sourcecode.c.h; path = YLHongBaoViewController.h; sourceTree = "<group>"; };
		09CCF6441D6708A300BEF18D /* YLHongBaoViewController.m */ = {isa = PBXFileReference; fileEncoding = 4; lastKnownFileType = sourcecode.c.objc; path = YLHongBaoViewController.m; sourceTree = "<group>"; };
		09CCF6451D6708A300BEF18D /* YLSwitchTableViewCell.h */ = {isa = PBXFileReference; fileEncoding = 4; lastKnownFileType = sourcecode.c.h; path = YLSwitchTableViewCell.h; sourceTree = "<group>"; };
		09CCF6461D6708A300BEF18D /* YLSwitchTableViewCell.m */ = {isa = PBXFileReference; fileEncoding = 4; lastKnownFileType = sourcecode.c.objc; path = YLSwitchTableViewCell.m; sourceTree = "<group>"; };
		09CCF6471D6708A300BEF18D /* YLUtility.h */ = {isa = PBXFileReference; fileEncoding = 4; lastKnownFileType = sourcecode.c.h; path = YLUtility.h; sourceTree = "<group>"; };
		09CCF6481D6708A300BEF18D /* YLUtility.m */ = {isa = PBXFileReference; fileEncoding = 4; lastKnownFileType = sourcecode.c.objc; path = YLUtility.m; sourceTree = "<group>"; };
		09CCF6491D6708A300BEF18D /* YLWindow.h */ = {isa = PBXFileReference; fileEncoding = 4; lastKnownFileType = sourcecode.c.h; path = YLWindow.h; sourceTree = "<group>"; };
		09CCF64A1D6708A300BEF18D /* YLWindow.m */ = {isa = PBXFileReference; fileEncoding = 4; lastKnownFileType = sourcecode.c.objc; path = YLWindow.m; sourceTree = "<group>"; };
/* End PBXFileReference section */

/* Begin PBXFrameworksBuildPhase section */
		098DA9A21D658511008608A7 /* Frameworks */ = {
			isa = PBXFrameworksBuildPhase;
			buildActionMask = 2147483647;
			files = (
			);
			runOnlyForDeploymentPostprocessing = 0;
		};
/* End PBXFrameworksBuildPhase section */

/* Begin PBXGroup section */
		098DA99C1D658511008608A7 = {
			isa = PBXGroup;
			children = (
				098DA9A71D658511008608A7 /* TestTweak */,
				098DA9A61D658511008608A7 /* Products */,
			);
			sourceTree = "<group>";
		};
		098DA9A61D658511008608A7 /* Products */ = {
			isa = PBXGroup;
			children = (
				098DA9A51D658511008608A7 /* libTestTweak.a */,
			);
			name = Products;
			sourceTree = "<group>";
		};
		098DA9A71D658511008608A7 /* TestTweak */ = {
			isa = PBXGroup;
			children = (
				09CCF6381D6708A300BEF18D /* WeChatAssistant */,
			);
			path = TestTweak;
			sourceTree = "<group>";
		};
		09CCF6381D6708A300BEF18D /* WeChatAssistant */ = {
			isa = PBXGroup;
			children = (
				0934E08A1D6BF110000B9D1D /* Aspects.h */,
				0934E08B1D6BF110000B9D1D /* Aspects.m */,
				0934E08C1D6BF110000B9D1D /* WeChatRedEnvelop.h */,
				09CCF6391D6708A300BEF18D /* YLAssitManager.h */,
				09CCF63A1D6708A300BEF18D /* YLAssitManager.m */,
				09CCF63B1D6708A300BEF18D /* YLCoordinatesViewController.h */,
				09CCF63C1D6708A300BEF18D /* YLCoordinatesViewController.m */,
				09CCF63D1D6708A300BEF18D /* YLExplorerToolBar.h */,
				09CCF63E1D6708A300BEF18D /* YLExplorerToolBar.m */,
				09CCF63F1D6708A300BEF18D /* YLExplorerViewController.h */,
				09CCF6401D6708A300BEF18D /* YLExplorerViewController.m */,
				09CCF6411D6708A300BEF18D /* YLGlobalViewController.h */,
				09CCF6421D6708A300BEF18D /* YLGlobalViewController.m */,
				09CCF6431D6708A300BEF18D /* YLHongBaoViewController.h */,
				09CCF6441D6708A300BEF18D /* YLHongBaoViewController.m */,
				09CCF6451D6708A300BEF18D /* YLSwitchTableViewCell.h */,
				09CCF6461D6708A300BEF18D /* YLSwitchTableViewCell.m */,
				09CCF6471D6708A300BEF18D /* YLUtility.h */,
				09CCF6481D6708A300BEF18D /* YLUtility.m */,
				09CCF6491D6708A300BEF18D /* YLWindow.h */,
				09CCF64A1D6708A300BEF18D /* YLWindow.m */,
			);
			path = WeChatAssistant;
			sourceTree = "<group>";
		};
/* End PBXGroup section */

/* Begin PBXNativeTarget section */
		098DA9A41D658511008608A7 /* TestTweak */ = {
			isa = PBXNativeTarget;
			buildConfigurationList = 098DA9AE1D658511008608A7 /* Build configuration list for PBXNativeTarget "TestTweak" */;
			buildPhases = (
				098DA9A11D658511008608A7 /* Sources */,
				098DA9A21D658511008608A7 /* Frameworks */,
				098DA9A31D658511008608A7 /* CopyFiles */,
			);
			buildRules = (
			);
			dependencies = (
			);
			name = TestTweak;
			productName = TestTweak;
			productReference = 098DA9A51D658511008608A7 /* libTestTweak.a */;
			productType = "com.apple.product-type.library.static";
		};
/* End PBXNativeTarget section */

/* Begin PBXProject section */
		098DA99D1D658511008608A7 /* Project object */ = {
			isa = PBXProject;
			attributes = {
				LastUpgradeCheck = 0730;
				ORGANIZATIONNAME = yohunl;
				TargetAttributes = {
					098DA9A41D658511008608A7 = {
						CreatedOnToolsVersion = 7.3.1;
					};
				};
			};
			buildConfigurationList = 098DA9A01D658511008608A7 /* Build configuration list for PBXProject "TestTweak" */;
			compatibilityVersion = "Xcode 3.2";
			developmentRegion = English;
			hasScannedForEncodings = 0;
			knownRegions = (
				en,
			);
			mainGroup = 098DA99C1D658511008608A7;
			productRefGroup = 098DA9A61D658511008608A7 /* Products */;
			projectDirPath = "";
			projectRoot = "";
			targets = (
				098DA9A41D658511008608A7 /* TestTweak */,
			);
		};
/* End PBXProject section */

/* Begin PBXSourcesBuildPhase section */
		098DA9A11D658511008608A7 /* Sources */ = {
			isa = PBXSourcesBuildPhase;
			buildActionMask = 2147483647;
			files = (
				09CCF6521D6708A300BEF18D /* YLUtility.m in Sources */,
				09CCF64E1D6708A300BEF18D /* YLExplorerViewController.m in Sources */,
				09CCF6501D6708A300BEF18D /* YLHongBaoViewController.m in Sources */,
				09CCF64B1D6708A300BEF18D /* YLAssitManager.m in Sources */,
				09CCF6511D6708A300BEF18D /* YLSwitchTableViewCell.m in Sources */,
				0934E08D1D6BF110000B9D1D /* Aspects.m in Sources */,
				09CCF6531D6708A300BEF18D /* YLWindow.m in Sources */,
				09CCF64C1D6708A300BEF18D /* YLCoordinatesViewController.m in Sources */,
				09CCF64F1D6708A300BEF18D /* YLGlobalViewController.m in Sources */,
				09CCF64D1D6708A300BEF18D /* YLExplorerToolBar.m in Sources */,
			);
			runOnlyForDeploymentPostprocessing = 0;
		};
/* End PBXSourcesBuildPhase section */

/* Begin XCBuildConfiguration section */
		098DA9AC1D658511008608A7 /* Debug */ = {
			isa = XCBuildConfiguration;
			buildSettings = {
				ALWAYS_SEARCH_USER_PATHS = NO;
				CLANG_ANALYZER_NONNULL = YES;
				CLANG_CXX_LANGUAGE_STANDARD = "gnu++0x";
				CLANG_CXX_LIBRARY = "libc++";
				CLANG_ENABLE_MODULES = YES;
				CLANG_ENABLE_OBJC_ARC = YES;
				CLANG_WARN_BOOL_CONVERSION = YES;
				CLANG_WARN_CONSTANT_CONVERSION = YES;
				CLANG_WARN_DIRECT_OBJC_ISA_USAGE = YES_ERROR;
				CLANG_WARN_EMPTY_BODY = YES;
				CLANG_WARN_ENUM_CONVERSION = YES;
				CLANG_WARN_INT_CONVERSION = YES;
				CLANG_WARN_OBJC_ROOT_CLASS = YES_ERROR;
				CLANG_WARN_UNREACHABLE_CODE = YES;
				CLANG_WARN__DUPLICATE_METHOD_MATCH = YES;
				"CODE_SIGN_IDENTITY[sdk=iphoneos*]" = "iPhone Developer";
				COPY_PHASE_STRIP = NO;
				DEBUG_INFORMATION_FORMAT = dwarf;
				ENABLE_STRICT_OBJC_MSGSEND = YES;
				ENABLE_TESTABILITY = YES;
				GCC_C_LANGUAGE_STANDARD = gnu99;
				GCC_DYNAMIC_NO_PIC = NO;
				GCC_NO_COMMON_BLOCKS = YES;
				GCC_OPTIMIZATION_LEVEL = 0;
				GCC_PREPROCESSOR_DEFINITIONS = (
					"DEBUG=1",
					"$(inherited)",
				);
				GCC_WARN_64_TO_32_BIT_CONVERSION = YES;
				GCC_WARN_ABOUT_RETURN_TYPE = YES_ERROR;
				GCC_WARN_UNDECLARED_SELECTOR = YES;
				GCC_WARN_UNINITIALIZED_AUTOS = YES_AGGRESSIVE;
				GCC_WARN_UNUSED_FUNCTION = YES;
				GCC_WARN_UNUSED_VARIABLE = YES;
				IPHONEOS_DEPLOYMENT_TARGET = 9.3;
				MTL_ENABLE_DEBUG_INFO = YES;
				ONLY_ACTIVE_ARCH = YES;
				SDKROOT = iphoneos;
			};
			name = Debug;
		};
		098DA9AD1D658511008608A7 /* Release */ = {
			isa = XCBuildConfiguration;
			buildSettings = {
				ALWAYS_SEARCH_USER_PATHS = NO;
				CLANG_ANALYZER_NONNULL = YES;
				CLANG_CXX_LANGUAGE_STANDARD = "gnu++0x";
				CLANG_CXX_LIBRARY = "libc++";
				CLANG_ENABLE_MODULES = YES;
				CLANG_ENABLE_OBJC_ARC = YES;
				CLANG_WARN_BOOL_CONVERSION = YES;
				CLANG_WARN_CONSTANT_CONVERSION = YES;
				CLANG_WARN_DIRECT_OBJC_ISA_USAGE = YES_ERROR;
				CLANG_WARN_EMPTY_BODY = YES;
				CLANG_WARN_ENUM_CONVERSION = YES;
				CLANG_WARN_INT_CONVERSION = YES;
				CLANG_WARN_OBJC_ROOT_CLASS = YES_ERROR;
				CLANG_WARN_UNREACHABLE_CODE = YES;
				CLANG_WARN__DUPLICATE_METHOD_MATCH = YES;
				"CODE_SIGN_IDENTITY[sdk=iphoneos*]" = "iPhone Developer";
				COPY_PHASE_STRIP = NO;
				DEBUG_INFORMATION_FORMAT = "dwarf-with-dsym";
				ENABLE_NS_ASSERTIONS = NO;
				ENABLE_STRICT_OBJC_MSGSEND = YES;
				GCC_C_LANGUAGE_STANDARD = gnu99;
				GCC_NO_COMMON_BLOCKS = YES;
				GCC_WARN_64_TO_32_BIT_CONVERSION = YES;
				GCC_WARN_ABOUT_RETURN_TYPE = YES_ERROR;
				GCC_WARN_UNDECLARED_SELECTOR = YES;
				GCC_WARN_UNINITIALIZED_AUTOS = YES_AGGRESSIVE;
				GCC_WARN_UNUSED_FUNCTION = YES;
				GCC_WARN_UNUSED_VARIABLE = YES;
				IPHONEOS_DEPLOYMENT_TARGET = 9.3;
				MTL_ENABLE_DEBUG_INFO = NO;
				SDKROOT = iphoneos;
				VALIDATE_PRODUCT = YES;
			};
			name = Release;
		};
		098DA9AF1D658511008608A7 /* Debug */ = {
			isa = XCBuildConfiguration;
			buildSettings = {
				OTHER_LDFLAGS = "-ObjC";
				PRODUCT_NAME = "$(TARGET_NAME)";
				SKIP_INSTALL = YES;
			};
			name = Debug;
		};
		098DA9B01D658511008608A7 /* Release */ = {
			isa = XCBuildConfiguration;
			buildSettings = {
				OTHER_LDFLAGS = "-ObjC";
				PRODUCT_NAME = "$(TARGET_NAME)";
				SKIP_INSTALL = YES;
			};
			name = Release;
		};
/* End XCBuildConfiguration section */

/* Begin XCConfigurationList section */
		098DA9A01D658511008608A7 /* Build configuration list for PBXProject "TestTweak" */ = {
			isa = XCConfigurationList;
			buildConfigurations = (
				098DA9AC1D658511008608A7 /* Debug */,
				098DA9AD1D658511008608A7 /* Release */,
			);
			defaultConfigurationIsVisible = 0;
			defaultConfigurationName = Release;
		};
		098DA9AE1D658511008608A7 /* Build configuration list for PBXNativeTarget "TestTweak" */ = {
			isa = XCConfigurationList;
			buildConfigurations = (
				098DA9AF1D658511008608A7 /* Debug */,
				098DA9B01D658511008608A7 /* Release */,
			);
			defaultConfigurationIsVisible = 0;
			defaultConfigurationName = Release;
		};
/* End XCConfigurationList section */
	};
	rootObject = 098DA99D1D658511008608A7 /* Project object */;
}
