// !$*UTF8*$!
{
	archiveVersion = 1;
	classes = {
	};
	objectVersion = 46;
	objects = {

/* Begin PBXBuildFile section */
		098DA9A91D658511008608A7 /* TestTweak.h in CopyFiles */ = {isa = PBXBuildFile; fileRef = 098DA9A81D658511008608A7 /* TestTweak.h */; };
		098DA9AB1D658511008608A7 /* TestTweak.m in Sources */ = {isa = PBXBuildFile; fileRef = 098DA9AA1D658511008608A7 /* TestTweak.m */; };
/* End PBXBuildFile section */

/* Begin PBXCopyFilesBuildPhase section */
		098DA9A31D658511008608A7 /* CopyFiles */ = {
			isa = PBXCopyFilesBuildPhase;
			buildActionMask = 2147483647;
			dstPath = "include/$(PRODUCT_NAME)";
			dstSubfolderSpec = 16;
			files = (
				098DA9A91D658511008608A7 /* TestTweak.h in CopyFiles */,
			);
			runOnlyForDeploymentPostprocessing = 0;
		};
/* End PBXCopyFilesBuildPhase section */

/* Begin PBXFileReference section */
		098DA9A51D658511008608A7 /* libTestTweak.a */ = {isa = PBXFileReference; explicitFileType = archive.ar; includeInIndex = 0; path = libTestTweak.a; sourceTree = BUILT_PRODUCTS_DIR; };
		098DA9A81D658511008608A7 /* TestTweak.h */ = {isa = PBXFileReference; lastKnownFileType = sourcecode.c.h; path = TestTweak.h; sourceTree = "<group>"; };
		098DA9AA1D658511008608A7 /* TestTweak.m */ = {isa = PBXFileReference; lastKnownFileType = sourcecode.c.objc; path = TestTweak.m; sourceTree = "<group>"; };
/* End PBXFileReference section */

/* Begin PBXFrameworksBuildPhase section */
		098DA9A21D658511008608A7 /* Frameworks */ = {
			isa = PBXFrameworksBuildPhase;
			buildActionMask = 2147483647;
			files = (
			);
			runOnlyForDeploymentPostprocessing = 0;
		};
/* End PBXFrameworksBuildPhase section */

/* Begin PBXGroup section */
		098DA99C1D658511008608A7 = {
			isa = PBXGroup;
			children = (
				098DA9A71D658511008608A7 /* TestTweak */,
				098DA9A61D658511008608A7 /* Products */,
			);
			sourceTree = "<group>";
		};
		098DA9A61D658511008608A7 /* Products */ = {
			isa = PBXGroup;
			children = (
				098DA9A51D658511008608A7 /* libTestTweak.a */,
			);
			name = Products;
			sourceTree = "<group>";
		};
		098DA9A71D658511008608A7 /* TestTweak */ = {
			isa = PBXGroup;
			children = (
				098DA9A81D658511008608A7 /* TestTweak.h */,
				098DA9AA1D658511008608A7 /* TestTweak.m */,
			);
			path = TestTweak;
			sourceTree = "<group>";
		};
/* End PBXGroup section */

/* Begin PBXNativeTarget section */
		098DA9A41D658511008608A7 /* TestTweak */ = {
			isa = PBXNativeTarget;
			buildConfigurationList = 098DA9AE1D658511008608A7 /* Build configuration list for PBXNativeTarget "TestTweak" */;
			buildPhases = (
				098DA9A11D658511008608A7 /* Sources */,
				098DA9A21D658511008608A7 /* Frameworks */,
				098DA9A31D658511008608A7 /* CopyFiles */,
			);
			buildRules = (
			);
			dependencies = (
			);
			name = TestTweak;
			productName = TestTweak;
			productReference = 098DA9A51D658511008608A7 /* libTestTweak.a */;
			productType = "com.apple.product-type.library.static";
		};
/* End PBXNativeTarget section */

/* Begin PBXProject section */
		098DA99D1D658511008608A7 /* Project object */ = {
			isa = PBXProject;
			attributes = {
				LastUpgradeCheck = 0730;
				ORGANIZATIONNAME = yohunl;
				TargetAttributes = {
					098DA9A41D658511008608A7 = {
						CreatedOnToolsVersion = 7.3.1;
					};
				};
			};
			buildConfigurationList = 098DA9A01D658511008608A7 /* Build configuration list for PBXProject "TestTweak" */;
			compatibilityVersion = "Xcode 3.2";
			developmentRegion = English;
			hasScannedForEncodings = 0;
			knownRegions = (
				en,
			);
			mainGroup = 098DA99C1D658511008608A7;
			productRefGroup = 098DA9A61D658511008608A7 /* Products */;
			projectDirPath = "";
			projectRoot = "";
			targets = (
				098DA9A41D658511008608A7 /* TestTweak */,
			);
		};
/* End PBXProject section */

/* Begin PBXSourcesBuildPhase section */
		098DA9A11D658511008608A7 /* Sources */ = {
			isa = PBXSourcesBuildPhase;
			buildActionMask = 2147483647;
			files = (
				098DA9AB1D658511008608A7 /* TestTweak.m in Sources */,
			);
			runOnlyForDeploymentPostprocessing = 0;
		};
/* End PBXSourcesBuildPhase section */

/* Begin XCBuildConfiguration section */
		098DA9AC1D658511008608A7 /* Debug */ = {
			isa = XCBuildConfiguration;
			buildSettings = {
				ALWAYS_SEARCH_USER_PATHS = NO;
				CLANG_ANALYZER_NONNULL = YES;
				CLANG_CXX_LANGUAGE_STANDARD = "gnu++0x";
				CLANG_CXX_LIBRARY = "libc++";
				CLANG_ENABLE_MODULES = YES;
				CLANG_ENABLE_OBJC_ARC = YES;
				CLANG_WARN_BOOL_CONVERSION = YES;
				CLANG_WARN_CONSTANT_CONVERSION = YES;
				CLANG_WARN_DIRECT_OBJC_ISA_USAGE = YES_ERROR;
				CLANG_WARN_EMPTY_BODY = YES;
				CLANG_WARN_ENUM_CONVERSION = YES;
				CLANG_WARN_INT_CONVERSION = YES;
				CLANG_WARN_OBJC_ROOT_CLASS = YES_ERROR;
				CLANG_WARN_UNREACHABLE_CODE = YES;
				CLANG_WARN__DUPLICATE_METHOD_MATCH = YES;
				"CODE_SIGN_IDENTITY[sdk=iphoneos*]" = "iPhone Developer";
				COPY_PHASE_STRIP = NO;
				DEBUG_INFORMATION_FORMAT = dwarf;
				ENABLE_STRICT_OBJC_MSGSEND = YES;
				ENABLE_TESTABILITY = YES;
				GCC_C_LANGUAGE_STANDARD = gnu99;
				GCC_DYNAMIC_NO_PIC = NO;
				GCC_NO_COMMON_BLOCKS = YES;
				GCC_OPTIMIZATION_LEVEL = 0;
				GCC_PREPROCESSOR_DEFINITIONS = (
					"DEBUG=1",
					"$(inherited)",
				);
				GCC_WARN_64_TO_32_BIT_CONVERSION = YES;
				GCC_WARN_ABOUT_RETURN_TYPE = YES_ERROR;
				GCC_WARN_UNDECLARED_SELECTOR = YES;
				GCC_WARN_UNINITIALIZED_AUTOS = YES_AGGRESSIVE;
				GCC_WARN_UNUSED_FUNCTION = YES;
				GCC_WARN_UNUSED_VARIABLE = YES;
				IPHONEOS_DEPLOYMENT_TARGET = 9.3;
				MTL_ENABLE_DEBUG_INFO = YES;
				ONLY_ACTIVE_ARCH = YES;
				SDKROOT = iphoneos;
			};
			name = Debug;
		};
		098DA9AD1D658511008608A7 /* Release */ = {
			isa = XCBuildConfiguration;
			buildSettings = {
				ALWAYS_SEARCH_USER_PATHS = NO;
				CLANG_ANALYZER_NONNULL = YES;
				CLANG_CXX_LANGUAGE_STANDARD = "gnu++0x";
				CLANG_CXX_LIBRARY = "libc++";
				CLANG_ENABLE_MODULES = YES;
				CLANG_ENABLE_OBJC_ARC = YES;
				CLANG_WARN_BOOL_CONVERSION = YES;
				CLANG_WARN_CONSTANT_CONVERSION = YES;
				CLANG_WARN_DIRECT_OBJC_ISA_USAGE = YES_ERROR;
				CLANG_WARN_EMPTY_BODY = YES;
				CLANG_WARN_ENUM_CONVERSION = YES;
				CLANG_WARN_INT_CONVERSION = YES;
				CLANG_WARN_OBJC_ROOT_CLASS = YES_ERROR;
				CLANG_WARN_UNREACHABLE_CODE = YES;
				CLANG_WARN__DUPLICATE_METHOD_MATCH = YES;
				"CODE_SIGN_IDENTITY[sdk=iphoneos*]" = "iPhone Developer";
				COPY_PHASE_STRIP = NO;
				DEBUG_INFORMATION_FORMAT = "dwarf-with-dsym";
				ENABLE_NS_ASSERTIONS = NO;
				ENABLE_STRICT_OBJC_MSGSEND = YES;
				GCC_C_LANGUAGE_STANDARD = gnu99;
				GCC_NO_COMMON_BLOCKS = YES;
				GCC_WARN_64_TO_32_BIT_CONVERSION = YES;
				GCC_WARN_ABOUT_RETURN_TYPE = YES_ERROR;
				GCC_WARN_UNDECLARED_SELECTOR = YES;
				GCC_WARN_UNINITIALIZED_AUTOS = YES_AGGRESSIVE;
				GCC_WARN_UNUSED_FUNCTION = YES;
				GCC_WARN_UNUSED_VARIABLE = YES;
				IPHONEOS_DEPLOYMENT_TARGET = 9.3;
				MTL_ENABLE_DEBUG_INFO = NO;
				SDKROOT = iphoneos;
				VALIDATE_PRODUCT = YES;
			};
			name = Release;
		};
		098DA9AF1D658511008608A7 /* Debug */ = {
			isa = XCBuildConfiguration;
			buildSettings = {
				OTHER_LDFLAGS = "-ObjC";
				PRODUCT_NAME = "$(TARGET_NAME)";
				SKIP_INSTALL = YES;
			};
			name = Debug;
		};
		098DA9B01D658511008608A7 /* Release */ = {
			isa = XCBuildConfiguration;
			buildSettings = {
				OTHER_LDFLAGS = "-ObjC";
				PRODUCT_NAME = "$(TARGET_NAME)";
				SKIP_INSTALL = YES;
			};
			name = Release;
		};
/* End XCBuildConfiguration section */

/* Begin XCConfigurationList section */
		098DA9A01D658511008608A7 /* Build configuration list for PBXProject "TestTweak" */ = {
			isa = XCConfigurationList;
			buildConfigurations = (
				098DA9AC1D658511008608A7 /* Debug */,
				098DA9AD1D658511008608A7 /* Release */,
			);
			defaultConfigurationIsVisible = 0;
			defaultConfigurationName = Release;
		};
		098DA9AE1D658511008608A7 /* Build configuration list for PBXNativeTarget "TestTweak" */ = {
			isa = XCConfigurationList;
			buildConfigurations = (
				098DA9AF1D658511008608A7 /* Debug */,
				098DA9B01D658511008608A7 /* Release */,
			);
			defaultConfigurationIsVisible = 0;
		};
/* End XCConfigurationList section */
	};
	rootObject = 098DA99D1D658511008608A7 /* Project object */;
}
